# @generated by Move, please check-in and do not edit manually.

[move]
version = 3
manifest_digest = "B72063063C47C712A740E2DC5FB7CBB85F6DB10460E2F6D103775582EFF2BCAE"
deps_digest = "060AD7E57DFB13104F21BE5F5C3759D03F0553FC3229247D9A7A6B45F50D03A3"
dependencies = [
  { id = "Sui", name = "Sui" },
  { id = "deepbook", name = "deepbook" },
  { id = "token", name = "token" },
]

[[move.package]]
id = "MoveStdlib"
source = { git = "https://github.com/MystenLabs/sui.git", rev = "framework/mainnet", subdir = "crates/sui-framework/packages/move-stdlib" }

[[move.package]]
id = "Sui"
source = { git = "https://github.com/MystenLabs/sui.git", rev = "framework/mainnet", subdir = "crates/sui-framework/packages/sui-framework" }

dependencies = [
  { id = "MoveStdlib", name = "MoveStdlib" },
]

[[move.package]]
id = "deepbook"
source = { local = "../deepbook" }

dependencies = [
  { id = "Sui", name = "Sui" },
  { id = "token", name = "token" },
]

[[move.package]]
id = "token"
source = { local = "../token" }

dependencies = [
  { id = "Sui", name = "Sui" },
]

[move.toolchain-version]
compiler-version = "1.42.2"
edition = "2024.beta"
flavor = "sui"

[env]

[env.mainnet-official]
chain-id = "35834a8a"
original-published-id = "0x66029aed9e8aed79ffd543e831cd5755772c59ffe141943679b2caa861cfdc02"
latest-published-id = "0x66029aed9e8aed79ffd543e831cd5755772c59ffe141943679b2caa861cfdc02"
published-version = "1"
