# @generated by Move, please check-in and do not edit manually.

[move]
version = 3
manifest_digest = "7C1A2B82D7AC3348B5A6163ED72D4A9CAAEB254B30606562F80A187A0C7F7B85"
deps_digest = "060AD7E57DFB13104F21BE5F5C3759D03F0553FC3229247D9A7A6B45F50D03A3"
dependencies = [
  { id = "Sui", name = "Sui" },
  { id = "deepbook", name = "deepbook" },
  { id = "token", name = "token" },
]

[[move.package]]
id = "MoveStdlib"
source = { git = "https://github.com/MystenLabs/sui.git", rev = "framework/mainnet", subdir = "crates/sui-framework/packages/move-stdlib" }

[[move.package]]
id = "Sui"
source = { git = "https://github.com/MystenLabs/sui.git", rev = "framework/mainnet", subdir = "crates/sui-framework/packages/sui-framework" }

dependencies = [
  { id = "MoveStdlib", name = "MoveStdlib" },
]

[[move.package]]
id = "deepbook"
source = { local = "../deepbook" }

dependencies = [
  { id = "Sui", name = "Sui" },
  { id = "token", name = "token" },
]

[[move.package]]
id = "token"
source = { local = "../token" }

dependencies = [
  { id = "Sui", name = "Sui" },
]

[move.toolchain-version]
compiler-version = "1.47.1"
edition = "2024.beta"
flavor = "sui"

[env]

[env.mainnet]
chain-id = "35834a8a"
original-published-id = "0x0000000000000000000000000000000000000000000000000000000000000000"
latest-published-id = "0x90cffe4f0670e0c4d3413c124c364301fc0e73c709ada13ba86f2398c44a135a"
published-version = "4"
