# @generated by Move, please check-in and do not edit manually.

[move]
version = 3
manifest_digest = "F89963F6F841E4241F9E4BB4B87757D32A868BFD045B447F8B77A66B7F06CCF4"
deps_digest = "F8BBB0CCB2491CA29A3DF03D6F92277A4F3574266507ACD77214D37ECA3F3082"
dependencies = [
  { id = "Sui", name = "Sui" },
]

[[move.package]]
id = "MoveStdlib"
source = { local = "../../sui/crates/sui-framework/packages/move-stdlib" }

[[move.package]]
id = "Sui"
source = { local = "../../sui/crates/sui-framework/packages/sui-framework" }

dependencies = [
  { id = "MoveStdlib", name = "MoveStdlib" },
]

[move.toolchain-version]
compiler-version = "1.38.3"
edition = "2024.beta"
flavor = "sui"
